{
  "name": "staffportal-mobile",
  "version": "1.0.0",
  "lockfileVersion": 3,
  "requires": true,
  "packages": {
    "": {
      "name": "staffportal-mobile",
      "version": "1.0.0",
      "dependencies": {
        "@react-navigation/native": "^6.1.9",
        "react": "18.2.0",
        "react-native": "0.73.0"
      }
    }
  }
}